// !$*UTF8*$!
{
	archiveVersion = 1;
	classes = {
	};
	objectVersion = 46;
	objects = {

/* Begin PBXBuildFile section */
		6403653C1B4E54F400853F02 /* Item.m in Sources */ = {isa = PBXBuildFile; fileRef = 6403653B1B4E54F400853F02 /* Item.m */; };
		6403653F1B4E676600853F02 /* ItemStore.m in Sources */ = {isa = PBXBuildFile; fileRef = 6403653E1B4E676600853F02 /* ItemStore.m */; };
		640365431B525C3C00853F02 /* HeaderView.xib in Resources */ = {isa = PBXBuildFile; fileRef = 640365421B525C3C00853F02 /* HeaderView.xib */; };
		6459A7701B4CB56B00A1940C /* main.m in Sources */ = {isa = PBXBuildFile; fileRef = 6459A76F1B4CB56B00A1940C /* main.m */; };
		6459A7731B4CB56B00A1940C /* AppDelegate.m in Sources */ = {isa = PBXBuildFile; fileRef = 6459A7721B4CB56B00A1940C /* AppDelegate.m */; };
		6459A7791B4CB56B00A1940C /* Main.storyboard in Resources */ = {isa = PBXBuildFile; fileRef = 6459A7771B4CB56B00A1940C /* Main.storyboard */; };
		6459A77B1B4CB56B00A1940C /* Images.xcassets in Resources */ = {isa = PBXBuildFile; fileRef = 6459A77A1B4CB56B00A1940C /* Images.xcassets */; };
		6459A77E1B4CB56B00A1940C /* LaunchScreen.xib in Resources */ = {isa = PBXBuildFile; fileRef = 6459A77C1B4CB56B00A1940C /* LaunchScreen.xib */; };
		6459A78A1B4CB56B00A1940C /* HomepwnerTests.m in Sources */ = {isa = PBXBuildFile; fileRef = 6459A7891B4CB56B00A1940C /* HomepwnerTests.m */; };
		64AAF0011B4D129F007246D7 /* ItemsViewController.m in Sources */ = {isa = PBXBuildFile; fileRef = 64AAF0001B4D129F007246D7 /* ItemsViewController.m */; };
		64AAF0041B4D48FA007246D7 /* ViewController.m in Sources */ = {isa = PBXBuildFile; fileRef = 64AAF0031B4D48FA007246D7 /* ViewController.m */; };
/* End PBXBuildFile section */

/* Begin PBXContainerItemProxy section */
		6459A7841B4CB56B00A1940C /* PBXContainerItemProxy */ = {
			isa = PBXContainerItemProxy;
			containerPortal = 6459A7621B4CB56B00A1940C /* Project object */;
			proxyType = 1;
			remoteGlobalIDString = 6459A7691B4CB56B00A1940C;
			remoteInfo = Homepwner;
		};
/* End PBXContainerItemProxy section */

/* Begin PBXFileReference section */
		6403653A1B4E54F400853F02 /* Item.h */ = {isa = PBXFileReference; fileEncoding = 4; lastKnownFileType = sourcecode.c.h; path = Item.h; sourceTree = "<group>"; };
		6403653B1B4E54F400853F02 /* Item.m */ = {isa = PBXFileReference; fileEncoding = 4; lastKnownFileType = sourcecode.c.objc; path = Item.m; sourceTree = "<group>"; };
		6403653D1B4E676600853F02 /* ItemStore.h */ = {isa = PBXFileReference; fileEncoding = 4; lastKnownFileType = sourcecode.c.h; path = ItemStore.h; sourceTree = "<group>"; };
		6403653E1B4E676600853F02 /* ItemStore.m */ = {isa = PBXFileReference; fileEncoding = 4; lastKnownFileType = sourcecode.c.objc; path = ItemStore.m; sourceTree = "<group>"; };
		640365421B525C3C00853F02 /* HeaderView.xib */ = {isa = PBXFileReference; fileEncoding = 4; lastKnownFileType = file.xib; path = HeaderView.xib; sourceTree = "<group>"; };
		6459A76A1B4CB56B00A1940C /* Homepwner.app */ = {isa = PBXFileReference; explicitFileType = wrapper.application; includeInIndex = 0; path = Homepwner.app; sourceTree = BUILT_PRODUCTS_DIR; };
		6459A76E1B4CB56B00A1940C /* Info.plist */ = {isa = PBXFileReference; lastKnownFileType = text.plist.xml; path = Info.plist; sourceTree = "<group>"; };
		6459A76F1B4CB56B00A1940C /* main.m */ = {isa = PBXFileReference; lastKnownFileType = sourcecode.c.objc; path = main.m; sourceTree = "<group>"; };
		6459A7711B4CB56B00A1940C /* AppDelegate.h */ = {isa = PBXFileReference; lastKnownFileType = sourcecode.c.h; path = AppDelegate.h; sourceTree = "<group>"; };
		6459A7721B4CB56B00A1940C /* AppDelegate.m */ = {isa = PBXFileReference; lastKnownFileType = sourcecode.c.objc; path = AppDelegate.m; sourceTree = "<group>"; };
		6459A7781B4CB56B00A1940C /* Base */ = {isa = PBXFileReference; lastKnownFileType = file.storyboard; name = Base; path = Base.lproj/Main.storyboard; sourceTree = "<group>"; };
		6459A77A1B4CB56B00A1940C /* Images.xcassets */ = {isa = PBXFileReference; lastKnownFileType = folder.assetcatalog; path = Images.xcassets; sourceTree = "<group>"; };
		6459A77D1B4CB56B00A1940C /* Base */ = {isa = PBXFileReference; lastKnownFileType = file.xib; name = Base; path = Base.lproj/LaunchScreen.xib; sourceTree = "<group>"; };
		6459A7831B4CB56B00A1940C /* HomepwnerTests.xctest */ = {isa = PBXFileReference; explicitFileType = wrapper.cfbundle; includeInIndex = 0; path = HomepwnerTests.xctest; sourceTree = BUILT_PRODUCTS_DIR; };
		6459A7881B4CB56B00A1940C /* Info.plist */ = {isa = PBXFileReference; lastKnownFileType = text.plist.xml; path = Info.plist; sourceTree = "<group>"; };
		6459A7891B4CB56B00A1940C /* HomepwnerTests.m */ = {isa = PBXFileReference; lastKnownFileType = sourcecode.c.objc; path = HomepwnerTests.m; sourceTree = "<group>"; };
		64AAEFFF1B4D129F007246D7 /* ItemsViewController.h */ = {isa = PBXFileReference; fileEncoding = 4; lastKnownFileType = sourcecode.c.h; path = ItemsViewController.h; sourceTree = "<group>"; };
		64AAF0001B4D129F007246D7 /* ItemsViewController.m */ = {isa = PBXFileReference; fileEncoding = 4; lastKnownFileType = sourcecode.c.objc; path = ItemsViewController.m; sourceTree = "<group>"; };
		64AAF0021B4D48FA007246D7 /* ViewController.h */ = {isa = PBXFileReference; fileEncoding = 4; lastKnownFileType = sourcecode.c.h; path = ViewController.h; sourceTree = "<group>"; };
		64AAF0031B4D48FA007246D7 /* ViewController.m */ = {isa = PBXFileReference; fileEncoding = 4; lastKnownFileType = sourcecode.c.objc; path = ViewController.m; sourceTree = "<group>"; };
/* End PBXFileReference section */

/* Begin PBXFrameworksBuildPhase section */
		6459A7671B4CB56B00A1940C /* Frameworks */ = {
			isa = PBXFrameworksBuildPhase;
			buildActionMask = 2147483647;
			files = (
			);
			runOnlyForDeploymentPostprocessing = 0;
		};
		6459A7801B4CB56B00A1940C /* Frameworks */ = {
			isa = PBXFrameworksBuildPhase;
			buildActionMask = 2147483647;
			files = (
			);
			runOnlyForDeploymentPostprocessing = 0;
		};
/* End PBXFrameworksBuildPhase section */

/* Begin PBXGroup section */
		6459A7611B4CB56B00A1940C = {
			isa = PBXGroup;
			children = (
				6459A76C1B4CB56B00A1940C /* Homepwner */,
				6459A7861B4CB56B00A1940C /* HomepwnerTests */,
				6459A76B1B4CB56B00A1940C /* Products */,
			);
			sourceTree = "<group>";
		};
		6459A76B1B4CB56B00A1940C /* Products */ = {
			isa = PBXGroup;
			children = (
				6459A76A1B4CB56B00A1940C /* Homepwner.app */,
				6459A7831B4CB56B00A1940C /* HomepwnerTests.xctest */,
			);
			name = Products;
			sourceTree = "<group>";
		};
		6459A76C1B4CB56B00A1940C /* Homepwner */ = {
			isa = PBXGroup;
			children = (
				64AAF0021B4D48FA007246D7 /* ViewController.h */,
				64AAF0031B4D48FA007246D7 /* ViewController.m */,
				6459A7711B4CB56B00A1940C /* AppDelegate.h */,
				6459A7721B4CB56B00A1940C /* AppDelegate.m */,
				6459A7771B4CB56B00A1940C /* Main.storyboard */,
				6459A77A1B4CB56B00A1940C /* Images.xcassets */,
				6459A77C1B4CB56B00A1940C /* LaunchScreen.xib */,
				640365421B525C3C00853F02 /* HeaderView.xib */,
				6459A76D1B4CB56B00A1940C /* Supporting Files */,
				64AAEFFF1B4D129F007246D7 /* ItemsViewController.h */,
				64AAF0001B4D129F007246D7 /* ItemsViewController.m */,
				6403653A1B4E54F400853F02 /* Item.h */,
				6403653D1B4E676600853F02 /* ItemStore.h */,
				6403653E1B4E676600853F02 /* ItemStore.m */,
				6403653B1B4E54F400853F02 /* Item.m */,
			);
			path = Homepwner;
			sourceTree = "<group>";
		};
		6459A76D1B4CB56B00A1940C /* Supporting Files */ = {
			isa = PBXGroup;
			children = (
				6459A76E1B4CB56B00A1940C /* Info.plist */,
				6459A76F1B4CB56B00A1940C /* main.m */,
			);
			name = "Supporting Files";
			sourceTree = "<group>";
		};
		6459A7861B4CB56B00A1940C /* HomepwnerTests */ = {
			isa = PBXGroup;
			children = (
				6459A7891B4CB56B00A1940C /* HomepwnerTests.m */,
				6459A7871B4CB56B00A1940C /* Supporting Files */,
			);
			path = HomepwnerTests;
			sourceTree = "<group>";
		};
		6459A7871B4CB56B00A1940C /* Supporting Files */ = {
			isa = PBXGroup;
			children = (
				6459A7881B4CB56B00A1940C /* Info.plist */,
			);
			name = "Supporting Files";
			sourceTree = "<group>";
		};
/* End PBXGroup section */

/* Begin PBXNativeTarget section */
		6459A7691B4CB56B00A1940C /* Homepwner */ = {
			isa = PBXNativeTarget;
			buildConfigurationList = 6459A78D1B4CB56B00A1940C /* Build configuration list for PBXNativeTarget "Homepwner" */;
			buildPhases = (
				6459A7661B4CB56B00A1940C /* Sources */,
				6459A7671B4CB56B00A1940C /* Frameworks */,
				6459A7681B4CB56B00A1940C /* Resources */,
			);
			buildRules = (
			);
			dependencies = (
			);
			name = Homepwner;
			productName = Homepwner;
			productReference = 6459A76A1B4CB56B00A1940C /* Homepwner.app */;
			productType = "com.apple.product-type.application";
		};
		6459A7821B4CB56B00A1940C /* HomepwnerTests */ = {
			isa = PBXNativeTarget;
			buildConfigurationList = 6459A7901B4CB56B00A1940C /* Build configuration list for PBXNativeTarget "HomepwnerTests" */;
			buildPhases = (
				6459A77F1B4CB56B00A1940C /* Sources */,
				6459A7801B4CB56B00A1940C /* Frameworks */,
				6459A7811B4CB56B00A1940C /* Resources */,
			);
			buildRules = (
			);
			dependencies = (
				6459A7851B4CB56B00A1940C /* PBXTargetDependency */,
			);
			name = HomepwnerTests;
			productName = HomepwnerTests;
			productReference = 6459A7831B4CB56B00A1940C /* HomepwnerTests.xctest */;
			productType = "com.apple.product-type.bundle.unit-test";
		};
/* End PBXNativeTarget section */

/* Begin PBXProject section */
		6459A7621B4CB56B00A1940C /* Project object */ = {
			isa = PBXProject;
			attributes = {
				LastUpgradeCheck = 0640;
				ORGANIZATIONNAME = xckoo;
				TargetAttributes = {
					6459A7691B4CB56B00A1940C = {
						CreatedOnToolsVersion = 6.4;
					};
					6459A7821B4CB56B00A1940C = {
						CreatedOnToolsVersion = 6.4;
						TestTargetID = 6459A7691B4CB56B00A1940C;
					};
				};
			};
			buildConfigurationList = 6459A7651B4CB56B00A1940C /* Build configuration list for PBXProject "Homepwner" */;
			compatibilityVersion = "Xcode 3.2";
			developmentRegion = English;
			hasScannedForEncodings = 0;
			knownRegions = (
				en,
				Base,
			);
			mainGroup = 6459A7611B4CB56B00A1940C;
			productRefGroup = 6459A76B1B4CB56B00A1940C /* Products */;
			projectDirPath = "";
			projectRoot = "";
			targets = (
				6459A7691B4CB56B00A1940C /* Homepwner */,
				6459A7821B4CB56B00A1940C /* HomepwnerTests */,
			);
		};
/* End PBXProject section */

/* Begin PBXResourcesBuildPhase section */
		6459A7681B4CB56B00A1940C /* Resources */ = {
			isa = PBXResourcesBuildPhase;
			buildActionMask = 2147483647;
			files = (
				6459A7791B4CB56B00A1940C /* Main.storyboard in Resources */,
				6459A77E1B4CB56B00A1940C /* LaunchScreen.xib in Resources */,
				6459A77B1B4CB56B00A1940C /* Images.xcassets in Resources */,
				640365431B525C3C00853F02 /* HeaderView.xib in Resources */,
			);
			runOnlyForDeploymentPostprocessing = 0;
		};
		6459A7811B4CB56B00A1940C /* Resources */ = {
			isa = PBXResourcesBuildPhase;
			buildActionMask = 2147483647;
			files = (
			);
			runOnlyForDeploymentPostprocessing = 0;
		};
/* End PBXResourcesBuildPhase section */

/* Begin PBXSourcesBuildPhase section */
		6459A7661B4CB56B00A1940C /* Sources */ = {
			isa = PBXSourcesBuildPhase;
			buildActionMask = 2147483647;
			files = (
				6403653C1B4E54F400853F02 /* Item.m in Sources */,
				64AAF0011B4D129F007246D7 /* ItemsViewController.m in Sources */,
				6403653F1B4E676600853F02 /* ItemStore.m in Sources */,
				6459A7731B4CB56B00A1940C /* AppDelegate.m in Sources */,
				64AAF0041B4D48FA007246D7 /* ViewController.m in Sources */,
				6459A7701B4CB56B00A1940C /* main.m in Sources */,
			);
			runOnlyForDeploymentPostprocessing = 0;
		};
		6459A77F1B4CB56B00A1940C /* Sources */ = {
			isa = PBXSourcesBuildPhase;
			buildActionMask = 2147483647;
			files = (
				6459A78A1B4CB56B00A1940C /* HomepwnerTests.m in Sources */,
			);
			runOnlyForDeploymentPostprocessing = 0;
		};
/* End PBXSourcesBuildPhase section */

/* Begin PBXTargetDependency section */
		6459A7851B4CB56B00A1940C /* PBXTargetDependency */ = {
			isa = PBXTargetDependency;
			target = 6459A7691B4CB56B00A1940C /* Homepwner */;
			targetProxy = 6459A7841B4CB56B00A1940C /* PBXContainerItemProxy */;
		};
/* End PBXTargetDependency section */

/* Begin PBXVariantGroup section */
		6459A7771B4CB56B00A1940C /* Main.storyboard */ = {
			isa = PBXVariantGroup;
			children = (
				6459A7781B4CB56B00A1940C /* Base */,
			);
			name = Main.storyboard;
			sourceTree = "<group>";
		};
		6459A77C1B4CB56B00A1940C /* LaunchScreen.xib */ = {
			isa = PBXVariantGroup;
			children = (
				6459A77D1B4CB56B00A1940C /* Base */,
			);
			name = LaunchScreen.xib;
			sourceTree = "<group>";
		};
/* End PBXVariantGroup section */

/* Begin XCBuildConfiguration section */
		6459A78B1B4CB56B00A1940C /* Debug */ = {
			isa = XCBuildConfiguration;
			buildSettings = {
				ALWAYS_SEARCH_USER_PATHS = NO;
				CLANG_CXX_LANGUAGE_STANDARD = "gnu++0x";
				CLANG_CXX_LIBRARY = "libc++";
				CLANG_ENABLE_MODULES = YES;
				CLANG_ENABLE_OBJC_ARC = YES;
				CLANG_WARN_BOOL_CONVERSION = YES;
				CLANG_WARN_CONSTANT_CONVERSION = YES;
				CLANG_WARN_DIRECT_OBJC_ISA_USAGE = YES_ERROR;
				CLANG_WARN_EMPTY_BODY = YES;
				CLANG_WARN_ENUM_CONVERSION = YES;
				CLANG_WARN_INT_CONVERSION = YES;
				CLANG_WARN_OBJC_ROOT_CLASS = YES_ERROR;
				CLANG_WARN_UNREACHABLE_CODE = YES;
				CLANG_WARN__DUPLICATE_METHOD_MATCH = YES;
				"CODE_SIGN_IDENTITY[sdk=iphoneos*]" = "iPhone Developer";
				COPY_PHASE_STRIP = NO;
				DEBUG_INFORMATION_FORMAT = "dwarf-with-dsym";
				ENABLE_STRICT_OBJC_MSGSEND = YES;
				GCC_C_LANGUAGE_STANDARD = gnu99;
				GCC_DYNAMIC_NO_PIC = NO;
				GCC_NO_COMMON_BLOCKS = YES;
				GCC_OPTIMIZATION_LEVEL = 0;
				GCC_PREPROCESSOR_DEFINITIONS = (
					"DEBUG=1",
					"$(inherited)",
				);
				GCC_SYMBOLS_PRIVATE_EXTERN = NO;
				GCC_WARN_64_TO_32_BIT_CONVERSION = YES;
				GCC_WARN_ABOUT_RETURN_TYPE = YES_ERROR;
				GCC_WARN_UNDECLARED_SELECTOR = YES;
				GCC_WARN_UNINITIALIZED_AUTOS = YES_AGGRESSIVE;
				GCC_WARN_UNUSED_FUNCTION = YES;
				GCC_WARN_UNUSED_VARIABLE = YES;
				IPHONEOS_DEPLOYMENT_TARGET = 8.4;
				MTL_ENABLE_DEBUG_INFO = YES;
				ONLY_ACTIVE_ARCH = YES;
				SDKROOT = iphoneos;
			};
			name = Debug;
		};
		6459A78C1B4CB56B00A1940C /* Release */ = {
			isa = XCBuildConfiguration;
			buildSettings = {
				ALWAYS_SEARCH_USER_PATHS = NO;
				CLANG_CXX_LANGUAGE_STANDARD = "gnu++0x";
				CLANG_CXX_LIBRARY = "libc++";
				CLANG_ENABLE_MODULES = YES;
				CLANG_ENABLE_OBJC_ARC = YES;
				CLANG_WARN_BOOL_CONVERSION = YES;
				CLANG_WARN_CONSTANT_CONVERSION = YES;
				CLANG_WARN_DIRECT_OBJC_ISA_USAGE = YES_ERROR;
				CLANG_WARN_EMPTY_BODY = YES;
				CLANG_WARN_ENUM_CONVERSION = YES;
				CLANG_WARN_INT_CONVERSION = YES;
				CLANG_WARN_OBJC_ROOT_CLASS = YES_ERROR;
				CLANG_WARN_UNREACHABLE_CODE = YES;
				CLANG_WARN__DUPLICATE_METHOD_MATCH = YES;
				"CODE_SIGN_IDENTITY[sdk=iphoneos*]" = "iPhone Developer";
				COPY_PHASE_STRIP = NO;
				DEBUG_INFORMATION_FORMAT = "dwarf-with-dsym";
				ENABLE_NS_ASSERTIONS = NO;
				ENABLE_STRICT_OBJC_MSGSEND = YES;
				GCC_C_LANGUAGE_STANDARD = gnu99;
				GCC_NO_COMMON_BLOCKS = YES;
				GCC_WARN_64_TO_32_BIT_CONVERSION = YES;
				GCC_WARN_ABOUT_RETURN_TYPE = YES_ERROR;
				GCC_WARN_UNDECLARED_SELECTOR = YES;
				GCC_WARN_UNINITIALIZED_AUTOS = YES_AGGRESSIVE;
				GCC_WARN_UNUSED_FUNCTION = YES;
				GCC_WARN_UNUSED_VARIABLE = YES;
				IPHONEOS_DEPLOYMENT_TARGET = 8.4;
				MTL_ENABLE_DEBUG_INFO = NO;
				SDKROOT = iphoneos;
				VALIDATE_PRODUCT = YES;
			};
			name = Release;
		};
		6459A78E1B4CB56B00A1940C /* Debug */ = {
			isa = XCBuildConfiguration;
			buildSettings = {
				ASSETCATALOG_COMPILER_APPICON_NAME = AppIcon;
				INFOPLIST_FILE = Homepwner/Info.plist;
				LD_RUNPATH_SEARCH_PATHS = "$(inherited) @executable_path/Frameworks";
				PRODUCT_NAME = "$(TARGET_NAME)";
			};
			name = Debug;
		};
		6459A78F1B4CB56B00A1940C /* Release */ = {
			isa = XCBuildConfiguration;
			buildSettings = {
				ASSETCATALOG_COMPILER_APPICON_NAME = AppIcon;
				INFOPLIST_FILE = Homepwner/Info.plist;
				LD_RUNPATH_SEARCH_PATHS = "$(inherited) @executable_path/Frameworks";
				PRODUCT_NAME = "$(TARGET_NAME)";
			};
			name = Release;
		};
		6459A7911B4CB56B00A1940C /* Debug */ = {
			isa = XCBuildConfiguration;
			buildSettings = {
				BUNDLE_LOADER = "$(TEST_HOST)";
				FRAMEWORK_SEARCH_PATHS = (
					"$(SDKROOT)/Developer/Library/Frameworks",
					"$(inherited)",
				);
				GCC_PREPROCESSOR_DEFINITIONS = (
					"DEBUG=1",
					"$(inherited)",
				);
				INFOPLIST_FILE = HomepwnerTests/Info.plist;
				LD_RUNPATH_SEARCH_PATHS = "$(inherited) @executable_path/Frameworks @loader_path/Frameworks";
				PRODUCT_NAME = "$(TARGET_NAME)";
				TEST_HOST = "$(BUILT_PRODUCTS_DIR)/Homepwner.app/Homepwner";
			};
			name = Debug;
		};
		6459A7921B4CB56B00A1940C /* Release */ = {
			isa = XCBuildConfiguration;
			buildSettings = {
				BUNDLE_LOADER = "$(TEST_HOST)";
				FRAMEWORK_SEARCH_PATHS = (
					"$(SDKROOT)/Developer/Library/Frameworks",
					"$(inherited)",
				);
				INFOPLIST_FILE = HomepwnerTests/Info.plist;
				LD_RUNPATH_SEARCH_PATHS = "$(inherited) @executable_path/Frameworks @loader_path/Frameworks";
				PRODUCT_NAME = "$(TARGET_NAME)";
				TEST_HOST = "$(BUILT_PRODUCTS_DIR)/Homepwner.app/Homepwner";
			};
			name = Release;
		};
/* End XCBuildConfiguration section */

/* Begin XCConfigurationList section */
		6459A7651B4CB56B00A1940C /* Build configuration list for PBXProject "Homepwner" */ = {
			isa = XCConfigurationList;
			buildConfigurations = (
				6459A78B1B4CB56B00A1940C /* Debug */,
				6459A78C1B4CB56B00A1940C /* Release */,
			);
			defaultConfigurationIsVisible = 0;
			defaultConfigurationName = Release;
		};
		6459A78D1B4CB56B00A1940C /* Build configuration list for PBXNativeTarget "Homepwner" */ = {
			isa = XCConfigurationList;
			buildConfigurations = (
				6459A78E1B4CB56B00A1940C /* Debug */,
				6459A78F1B4CB56B00A1940C /* Release */,
			);
			defaultConfigurationIsVisible = 0;
			defaultConfigurationName = Release;
		};
		6459A7901B4CB56B00A1940C /* Build configuration list for PBXNativeTarget "HomepwnerTests" */ = {
			isa = XCConfigurationList;
			buildConfigurations = (
				6459A7911B4CB56B00A1940C /* Debug */,
				6459A7921B4CB56B00A1940C /* Release */,
			);
			defaultConfigurationIsVisible = 0;
			defaultConfigurationName = Release;
		};
/* End XCConfigurationList section */
	};
	rootObject = 6459A7621B4CB56B00A1940C /* Project object */;
}
